// !$*UTF8*$!
{
	archiveVersion = 1;
	classes = {
	};
	objectVersion = 46;
	objects = {

/* Begin PBXBuildFile section */
		00E356F31AD99517003FC87E /* newscloningTests.m in Sources */ = {isa = PBXBuildFile; fileRef = 00E356F21AD99517003FC87E /* newscloningTests.m */; };
		057D25E03B324EEFAD3063E1 /* Lora-Bold.ttf in Resources */ = {isa = PBXBuildFile; fileRef = 65FAA257F7C74FD28AB7F974 /* Lora-Bold.ttf */; };
		0B97119996984BCAAB7998A6 /* OpenSans-ExtraBoldItalic.ttf in Resources */ = {isa = PBXBuildFile; fileRef = E053583F74ED4559BE96DD54 /* OpenSans-ExtraBoldItalic.ttf */; };
		0CA786D3C81F4F0FB3CA774C /* Gupter-Regular.ttf in Resources */ = {isa = PBXBuildFile; fileRef = 4536B06BC6A440C6A02DE282 /* Gupter-Regular.ttf */; };
		0E690F79C4584015BE18A0A0 /* Lora-Italic.ttf in Resources */ = {isa = PBXBuildFile; fileRef = B968BD0E7B4B4728BDA965E0 /* Lora-Italic.ttf */; };
		13B07FBC1A68108700A75B9A /* AppDelegate.m in Sources */ = {isa = PBXBuildFile; fileRef = 13B07FB01A68108700A75B9A /* AppDelegate.m */; };
		13B07FBD1A68108700A75B9A /* LaunchScreen.xib in Resources */ = {isa = PBXBuildFile; fileRef = 13B07FB11A68108700A75B9A /* LaunchScreen.xib */; };
		13B07FBF1A68108700A75B9A /* Images.xcassets in Resources */ = {isa = PBXBuildFile; fileRef = 13B07FB51A68108700A75B9A /* Images.xcassets */; };
		13B07FC11A68108700A75B9A /* main.m in Sources */ = {isa = PBXBuildFile; fileRef = 13B07FB71A68108700A75B9A /* main.m */; };
		25787351141BCAFA0C5088AB /* libPods-newscloningTests.a in Frameworks */ = {isa = PBXBuildFile; fileRef = CA181B4F9C03D84E6B459FF5 /* libPods-newscloningTests.a */; };
		2B811EF968244FCD9962E4AD /* Gupter-Medium.ttf in Resources */ = {isa = PBXBuildFile; fileRef = 2A57545DE6FC4462B6CC9655 /* Gupter-Medium.ttf */; };
		2D02E4BC1E0B4A80006451C7 /* AppDelegate.m in Sources */ = {isa = PBXBuildFile; fileRef = 13B07FB01A68108700A75B9A /* AppDelegate.m */; };
		2D02E4BD1E0B4A84006451C7 /* Images.xcassets in Resources */ = {isa = PBXBuildFile; fileRef = 13B07FB51A68108700A75B9A /* Images.xcassets */; };
		2D02E4BF1E0B4AB3006451C7 /* main.m in Sources */ = {isa = PBXBuildFile; fileRef = 13B07FB71A68108700A75B9A /* main.m */; };
		2D9C7FCEE99343869C978BDF /* OpenSans-Light.ttf in Resources */ = {isa = PBXBuildFile; fileRef = 19E64A0D0E574FA5B93B756A /* OpenSans-Light.ttf */; };
		2DCD954D1E0B4F2C00145EB5 /* newscloningTests.m in Sources */ = {isa = PBXBuildFile; fileRef = 00E356F21AD99517003FC87E /* newscloningTests.m */; };
		2FE7E3361FB94DFFB8CFB617 /* Roboto-Thin.ttf in Resources */ = {isa = PBXBuildFile; fileRef = 05A2B52FC4574987B738178E /* Roboto-Thin.ttf */; };
		31A30ACF57144965818B47AA /* Roboto-Regular.ttf in Resources */ = {isa = PBXBuildFile; fileRef = 0DB8B9EFE35C4F5EB1047171 /* Roboto-Regular.ttf */; };
		3FB9DD08CA5D49C7863EA8DC /* OpenSans-LightItalic.ttf in Resources */ = {isa = PBXBuildFile; fileRef = 854AC9E899FA475598823D0A /* OpenSans-LightItalic.ttf */; };
		566835B828A8B42FA045E22E /* libPods-newscloning.a in Frameworks */ = {isa = PBXBuildFile; fileRef = 7C1F767E1A79F9D15E9903C5 /* libPods-newscloning.a */; };
		59A969D9671049868BD39C62 /* Roboto-BoldItalic.ttf in Resources */ = {isa = PBXBuildFile; fileRef = E1A68E053E914FEB818191E0 /* Roboto-BoldItalic.ttf */; };
		5BCBD65A1DFE4299A7F0F028 /* Roboto-Black.ttf in Resources */ = {isa = PBXBuildFile; fileRef = D282568730934D0EB02B2E4D /* Roboto-Black.ttf */; };
		81D52412A4D1458D9C27ECF3 /* Gupter-Bold.ttf in Resources */ = {isa = PBXBuildFile; fileRef = E83BD802224B470FBAFF0092 /* Gupter-Bold.ttf */; };
		833BB372520148388F225E64 /* OpenSans-BoldItalic.ttf in Resources */ = {isa = PBXBuildFile; fileRef = F1A30884411E4956A11C95EA /* OpenSans-BoldItalic.ttf */; };
		869EC6201FCD4EFCB4955636 /* OpenSans-Bold.ttf in Resources */ = {isa = PBXBuildFile; fileRef = 5208987DEB7D432AB66300A3 /* OpenSans-Bold.ttf */; };
		94BBDA11469646BBA0CF8EB0 /* OpenSans-Italic.ttf in Resources */ = {isa = PBXBuildFile; fileRef = 0DCB209261894CA598C299E2 /* OpenSans-Italic.ttf */; };
		9612B1EDBB964D70A2A60E93 /* Roboto-MediumItalic.ttf in Resources */ = {isa = PBXBuildFile; fileRef = F2518C461C994FC6B50D3CB4 /* Roboto-MediumItalic.ttf */; };
		9624F6A2E88B4EA38463EDDC /* Roboto-LightItalic.ttf in Resources */ = {isa = PBXBuildFile; fileRef = A445457CA28F4557A5A2163A /* Roboto-LightItalic.ttf */; };
		A47F1BE0CD1D4A63AA4F8AD6 /* Roboto-Light.ttf in Resources */ = {isa = PBXBuildFile; fileRef = B979F78AB7354FED9E390560 /* Roboto-Light.ttf */; };
		AEA4129691DC40F9B36AD110 /* Roboto-ThinItalic.ttf in Resources */ = {isa = PBXBuildFile; fileRef = 02FBA7649F684011A58714E9 /* Roboto-ThinItalic.ttf */; };
		AFD26AA15E6240488F4A4A84 /* OpenSans-ExtraBold.ttf in Resources */ = {isa = PBXBuildFile; fileRef = 0067F8E8781C4CAD963AE36D /* OpenSans-ExtraBold.ttf */; };
		B39A0C984FFE417C99E52D56 /* Roboto-Italic.ttf in Resources */ = {isa = PBXBuildFile; fileRef = 48069DDA90134339B7BB0033 /* Roboto-Italic.ttf */; };
		B9F3132FBFDD491EA3C445EA /* OpenSans-SemiBold.ttf in Resources */ = {isa = PBXBuildFile; fileRef = DD1A90041ADE4659AF72DC29 /* OpenSans-SemiBold.ttf */; };
		C5E75CBCC3E041B9B498A90F /* Roboto-BlackItalic.ttf in Resources */ = {isa = PBXBuildFile; fileRef = 2A9195AB25054E1D8A7014CB /* Roboto-BlackItalic.ttf */; };
		CACF3FD9ABE944CFAB59F8EF /* Roboto-Bold.ttf in Resources */ = {isa = PBXBuildFile; fileRef = DAB2AD9912DC44F686A17CC4 /* Roboto-Bold.ttf */; };
		D13AB696FEA24E508AF8E86F /* Lora-Regular.ttf in Resources */ = {isa = PBXBuildFile; fileRef = 553C2DBF992F4A4A9017BBE2 /* Lora-Regular.ttf */; };
		D9F99655789F446FAA2254B3 /* Lora-BoldItalic.ttf in Resources */ = {isa = PBXBuildFile; fileRef = 24EC31A078E04C1898BB7DCD /* Lora-BoldItalic.ttf */; };
		DCD2ED1E450848D78B68F0A0 /* OpenSans-SemiBoldItalic.ttf in Resources */ = {isa = PBXBuildFile; fileRef = C0E67F89AF27497784819DFA /* OpenSans-SemiBoldItalic.ttf */; };
		E0FAF7867018A5525D6EF4A4 /* libPods-newscloning-tvOSTests.a in Frameworks */ = {isa = PBXBuildFile; fileRef = 59CBA5BDA1AA4B9ADFFF5734 /* libPods-newscloning-tvOSTests.a */; };
		E2CBA4647B61483F8C30CE85 /* OpenSans-Regular.ttf in Resources */ = {isa = PBXBuildFile; fileRef = E46DE8055C9B40B3B56BD374 /* OpenSans-Regular.ttf */; };
		EA4D690193C4033A4EBDA36F /* libPods-newscloning-tvOS.a in Frameworks */ = {isa = PBXBuildFile; fileRef = CA2D9476C608D427B02C5D60 /* libPods-newscloning-tvOS.a */; };
		FD4464D66F3749C886E23210 /* Roboto-Medium.ttf in Resources */ = {isa = PBXBuildFile; fileRef = 0846571EFA024ABC84734693 /* Roboto-Medium.ttf */; };
/* End PBXBuildFile section */

/* Begin PBXContainerItemProxy section */
		00E356F41AD99517003FC87E /* PBXContainerItemProxy */ = {
			isa = PBXContainerItemProxy;
			containerPortal = 83CBB9F71A601CBA00E9B192 /* Project object */;
			proxyType = 1;
			remoteGlobalIDString = 13B07F861A680F5B00A75B9A;
			remoteInfo = newscloning;
		};
		2D02E4911E0B4A5D006451C7 /* PBXContainerItemProxy */ = {
			isa = PBXContainerItemProxy;
			containerPortal = 83CBB9F71A601CBA00E9B192 /* Project object */;
			proxyType = 1;
			remoteGlobalIDString = 2D02E47A1E0B4A5D006451C7;
			remoteInfo = "newscloning-tvOS";
		};
/* End PBXContainerItemProxy section */

/* Begin PBXFileReference section */
		0067F8E8781C4CAD963AE36D /* OpenSans-ExtraBold.ttf */ = {isa = PBXFileReference; explicitFileType = undefined; fileEncoding = 9; includeInIndex = 0; lastKnownFileType = file; name = "OpenSans-ExtraBold.ttf"; path = "../../assets/fonts/Open_Sans/OpenSans-ExtraBold.ttf"; sourceTree = "<group>"; };
		008F07F21AC5B25A0029DE68 /* main.jsbundle */ = {isa = PBXFileReference; fileEncoding = 4; lastKnownFileType = text; path = main.jsbundle; sourceTree = "<group>"; };
		00E356EE1AD99517003FC87E /* newscloningTests.xctest */ = {isa = PBXFileReference; explicitFileType = wrapper.cfbundle; includeInIndex = 0; path = newscloningTests.xctest; sourceTree = BUILT_PRODUCTS_DIR; };
		00E356F11AD99517003FC87E /* Info.plist */ = {isa = PBXFileReference; lastKnownFileType = text.plist.xml; path = Info.plist; sourceTree = "<group>"; };
		00E356F21AD99517003FC87E /* newscloningTests.m */ = {isa = PBXFileReference; lastKnownFileType = sourcecode.c.objc; path = newscloningTests.m; sourceTree = "<group>"; };
		02FBA7649F684011A58714E9 /* Roboto-ThinItalic.ttf */ = {isa = PBXFileReference; explicitFileType = undefined; fileEncoding = 9; includeInIndex = 0; lastKnownFileType = file; name = "Roboto-ThinItalic.ttf"; path = "../../assets/fonts/Roboto/Roboto-ThinItalic.ttf"; sourceTree = "<group>"; };
		05A2B52FC4574987B738178E /* Roboto-Thin.ttf */ = {isa = PBXFileReference; explicitFileType = undefined; fileEncoding = 9; includeInIndex = 0; lastKnownFileType = file; name = "Roboto-Thin.ttf"; path = "../../assets/fonts/Roboto/Roboto-Thin.ttf"; sourceTree = "<group>"; };
		0846571EFA024ABC84734693 /* Roboto-Medium.ttf */ = {isa = PBXFileReference; explicitFileType = undefined; fileEncoding = 9; includeInIndex = 0; lastKnownFileType = file; name = "Roboto-Medium.ttf"; path = "../../assets/fonts/Roboto/Roboto-Medium.ttf"; sourceTree = "<group>"; };
		0986A0B6239A5B0A000C800F /* AntDesign.ttf */ = {isa = PBXFileReference; lastKnownFileType = file; path = AntDesign.ttf; sourceTree = "<group>"; };
		0986A0B8239A5B12000C800F /* Zocial.ttf */ = {isa = PBXFileReference; lastKnownFileType = file; path = Zocial.ttf; sourceTree = "<group>"; };
		0986A0BB239A5B24000C800F /* Foundation.ttf */ = {isa = PBXFileReference; lastKnownFileType = file; name = Foundation.ttf; path = "../../../news/node_modules/react-native-vector-icons/Fonts/Foundation.ttf"; sourceTree = "<group>"; };
		0986A0C6239A5B25000C800F /* AntDesign.ttf */ = {isa = PBXFileReference; lastKnownFileType = file; name = AntDesign.ttf; path = "../../../news/node_modules/react-native-vector-icons/Fonts/AntDesign.ttf"; sourceTree = "<group>"; };
		09C25E6745DAD7BC046BF595 /* Pods-newscloning.debug.xcconfig */ = {isa = PBXFileReference; includeInIndex = 1; lastKnownFileType = text.xcconfig; name = "Pods-newscloning.debug.xcconfig"; path = "Target Support Files/Pods-newscloning/Pods-newscloning.debug.xcconfig"; sourceTree = "<group>"; };
		0DB8B9EFE35C4F5EB1047171 /* Roboto-Regular.ttf */ = {isa = PBXFileReference; explicitFileType = undefined; fileEncoding = 9; includeInIndex = 0; lastKnownFileType = file; name = "Roboto-Regular.ttf"; path = "../../assets/fonts/Roboto/Roboto-Regular.ttf"; sourceTree = "<group>"; };
		0DCB209261894CA598C299E2 /* OpenSans-Italic.ttf */ = {isa = PBXFileReference; explicitFileType = undefined; fileEncoding = 9; includeInIndex = 0; lastKnownFileType = file; name = "OpenSans-Italic.ttf"; path = "../../assets/fonts/Open_Sans/OpenSans-Italic.ttf"; sourceTree = "<group>"; };
		13B07F961A680F5B00A75B9A /* newscloning.app */ = {isa = PBXFileReference; explicitFileType = wrapper.application; includeInIndex = 0; path = newscloning.app; sourceTree = BUILT_PRODUCTS_DIR; };
		13B07FAF1A68108700A75B9A /* AppDelegate.h */ = {isa = PBXFileReference; fileEncoding = 4; lastKnownFileType = sourcecode.c.h; name = AppDelegate.h; path = newscloning/AppDelegate.h; sourceTree = "<group>"; };
		13B07FB01A68108700A75B9A /* AppDelegate.m */ = {isa = PBXFileReference; fileEncoding = 4; lastKnownFileType = sourcecode.c.objc; name = AppDelegate.m; path = newscloning/AppDelegate.m; sourceTree = "<group>"; };
		13B07FB21A68108700A75B9A /* Base */ = {isa = PBXFileReference; lastKnownFileType = file.xib; name = Base; path = Base.lproj/LaunchScreen.xib; sourceTree = "<group>"; };
		13B07FB51A68108700A75B9A /* Images.xcassets */ = {isa = PBXFileReference; lastKnownFileType = folder.assetcatalog; name = Images.xcassets; path = newscloning/Images.xcassets; sourceTree = "<group>"; };
		13B07FB61A68108700A75B9A /* Info.plist */ = {isa = PBXFileReference; fileEncoding = 4; lastKnownFileType = text.plist.xml; name = Info.plist; path = newscloning/Info.plist; sourceTree = "<group>"; };
		13B07FB71A68108700A75B9A /* main.m */ = {isa = PBXFileReference; fileEncoding = 4; lastKnownFileType = sourcecode.c.objc; name = main.m; path = newscloning/main.m; sourceTree = "<group>"; };
		18336751987845E88FD37A22 /* FontAwesome5_Solid.ttf */ = {isa = PBXFileReference; explicitFileType = undefined; fileEncoding = 9; includeInIndex = 0; lastKnownFileType = unknown; name = FontAwesome5_Solid.ttf; path = "../node_modules/react-native-vector-icons/Fonts/FontAwesome5_Solid.ttf"; sourceTree = "<group>"; };
		19E64A0D0E574FA5B93B756A /* OpenSans-Light.ttf */ = {isa = PBXFileReference; explicitFileType = undefined; fileEncoding = 9; includeInIndex = 0; lastKnownFileType = file; name = "OpenSans-Light.ttf"; path = "../../assets/fonts/Open_Sans/OpenSans-Light.ttf"; sourceTree = "<group>"; };
		20085F19BA114A41AE18FCB5 /* Feather.ttf */ = {isa = PBXFileReference; explicitFileType = undefined; fileEncoding = 9; includeInIndex = 0; lastKnownFileType = unknown; name = Feather.ttf; path = "../node_modules/react-native-vector-icons/Fonts/Feather.ttf"; sourceTree = "<group>"; };
		24EC31A078E04C1898BB7DCD /* Lora-BoldItalic.ttf */ = {isa = PBXFileReference; explicitFileType = undefined; fileEncoding = 9; includeInIndex = 0; lastKnownFileType = file; name = "Lora-BoldItalic.ttf"; path = "../../assets/fonts/Lora/Lora-BoldItalic.ttf"; sourceTree = "<group>"; };
		2A57545DE6FC4462B6CC9655 /* Gupter-Medium.ttf */ = {isa = PBXFileReference; explicitFileType = undefined; fileEncoding = 9; includeInIndex = 0; lastKnownFileType = file; name = "Gupter-Medium.ttf"; path = "../../assets/fonts/Gupter/Gupter-Medium.ttf"; sourceTree = "<group>"; };
		2A9195AB25054E1D8A7014CB /* Roboto-BlackItalic.ttf */ = {isa = PBXFileReference; explicitFileType = undefined; fileEncoding = 9; includeInIndex = 0; lastKnownFileType = file; name = "Roboto-BlackItalic.ttf"; path = "../../assets/fonts/Roboto/Roboto-BlackItalic.ttf"; sourceTree = "<group>"; };
		2D02E47B1E0B4A5D006451C7 /* newscloning-tvOS.app */ = {isa = PBXFileReference; explicitFileType = wrapper.application; includeInIndex = 0; path = "newscloning-tvOS.app"; sourceTree = BUILT_PRODUCTS_DIR; };
		2D02E4901E0B4A5D006451C7 /* newscloning-tvOSTests.xctest */ = {isa = PBXFileReference; explicitFileType = wrapper.cfbundle; includeInIndex = 0; path = "newscloning-tvOSTests.xctest"; sourceTree = BUILT_PRODUCTS_DIR; };
		2F2EE98084ABFD4D9B3ADFEB /* Pods-newscloningTests.debug.xcconfig */ = {isa = PBXFileReference; includeInIndex = 1; lastKnownFileType = text.xcconfig; name = "Pods-newscloningTests.debug.xcconfig"; path = "Target Support Files/Pods-newscloningTests/Pods-newscloningTests.debug.xcconfig"; sourceTree = "<group>"; };
		363386FCE69D4093964861F3 /* MaterialIcons.ttf */ = {isa = PBXFileReference; explicitFileType = undefined; fileEncoding = 9; includeInIndex = 0; lastKnownFileType = unknown; name = MaterialIcons.ttf; path = "../node_modules/react-native-vector-icons/Fonts/MaterialIcons.ttf"; sourceTree = "<group>"; };
		3A1B572251E24589A39B12D1 /* FontAwesome5_Regular.ttf */ = {isa = PBXFileReference; explicitFileType = undefined; fileEncoding = 9; includeInIndex = 0; lastKnownFileType = unknown; name = FontAwesome5_Regular.ttf; path = "../node_modules/react-native-vector-icons/Fonts/FontAwesome5_Regular.ttf"; sourceTree = "<group>"; };
		3B949B6A7A994377B8D903B2 /* Octicons.ttf */ = {isa = PBXFileReference; explicitFileType = undefined; fileEncoding = 9; includeInIndex = 0; lastKnownFileType = unknown; name = Octicons.ttf; path = "../node_modules/react-native-vector-icons/Fonts/Octicons.ttf"; sourceTree = "<group>"; };
		43564A96AF65109D5555B44E /* Pods-newscloning-tvOSTests.release.xcconfig */ = {isa = PBXFileReference; includeInIndex = 1; lastKnownFileType = text.xcconfig; name = "Pods-newscloning-tvOSTests.release.xcconfig"; path = "Target Support Files/Pods-newscloning-tvOSTests/Pods-newscloning-tvOSTests.release.xcconfig"; sourceTree = "<group>"; };
		4536B06BC6A440C6A02DE282 /* Gupter-Regular.ttf */ = {isa = PBXFileReference; explicitFileType = undefined; fileEncoding = 9; includeInIndex = 0; lastKnownFileType = file; name = "Gupter-Regular.ttf"; path = "../../assets/fonts/Gupter/Gupter-Regular.ttf"; sourceTree = "<group>"; };
		48069DDA90134339B7BB0033 /* Roboto-Italic.ttf */ = {isa = PBXFileReference; explicitFileType = undefined; fileEncoding = 9; includeInIndex = 0; lastKnownFileType = file; name = "Roboto-Italic.ttf"; path = "../../assets/fonts/Roboto/Roboto-Italic.ttf"; sourceTree = "<group>"; };
		4C1BABD4D3734B24801249FD /* AntDesign.ttf */ = {isa = PBXFileReference; explicitFileType = undefined; fileEncoding = 9; includeInIndex = 0; lastKnownFileType = unknown; name = AntDesign.ttf; path = "../node_modules/react-native-vector-icons/Fonts/AntDesign.ttf"; sourceTree = "<group>"; };
		5208987DEB7D432AB66300A3 /* OpenSans-Bold.ttf */ = {isa = PBXFileReference; explicitFileType = undefined; fileEncoding = 9; includeInIndex = 0; lastKnownFileType = file; name = "OpenSans-Bold.ttf"; path = "../../assets/fonts/Open_Sans/OpenSans-Bold.ttf"; sourceTree = "<group>"; };
		553C2DBF992F4A4A9017BBE2 /* Lora-Regular.ttf */ = {isa = PBXFileReference; explicitFileType = undefined; fileEncoding = 9; includeInIndex = 0; lastKnownFileType = file; name = "Lora-Regular.ttf"; path = "../../assets/fonts/Lora/Lora-Regular.ttf"; sourceTree = "<group>"; };
		59CBA5BDA1AA4B9ADFFF5734 /* libPods-newscloning-tvOSTests.a */ = {isa = PBXFileReference; explicitFileType = archive.ar; includeInIndex = 0; path = "libPods-newscloning-tvOSTests.a"; sourceTree = BUILT_PRODUCTS_DIR; };
		65FAA257F7C74FD28AB7F974 /* Lora-Bold.ttf */ = {isa = PBXFileReference; explicitFileType = undefined; fileEncoding = 9; includeInIndex = 0; lastKnownFileType = file; name = "Lora-Bold.ttf"; path = "../../assets/fonts/Lora/Lora-Bold.ttf"; sourceTree = "<group>"; };
		6A8B16EF372D4F8DBA462961 /* FontAwesome5_Brands.ttf */ = {isa = PBXFileReference; explicitFileType = undefined; fileEncoding = 9; includeInIndex = 0; lastKnownFileType = unknown; name = FontAwesome5_Brands.ttf; path = "../node_modules/react-native-vector-icons/Fonts/FontAwesome5_Brands.ttf"; sourceTree = "<group>"; };
		7234F9F70DB742C789B52120 /* Ionicons.ttf */ = {isa = PBXFileReference; explicitFileType = undefined; fileEncoding = 9; includeInIndex = 0; lastKnownFileType = unknown; name = Ionicons.ttf; path = "../node_modules/react-native-vector-icons/Fonts/Ionicons.ttf"; sourceTree = "<group>"; };
		7C1F767E1A79F9D15E9903C5 /* libPods-newscloning.a */ = {isa = PBXFileReference; explicitFileType = archive.ar; includeInIndex = 0; path = "libPods-newscloning.a"; sourceTree = BUILT_PRODUCTS_DIR; };
		854AC9E899FA475598823D0A /* OpenSans-LightItalic.ttf */ = {isa = PBXFileReference; explicitFileType = undefined; fileEncoding = 9; includeInIndex = 0; lastKnownFileType = file; name = "OpenSans-LightItalic.ttf"; path = "../../assets/fonts/Open_Sans/OpenSans-LightItalic.ttf"; sourceTree = "<group>"; };
		950AF57BBF5B4A05A2AE7A2F /* SimpleLineIcons.ttf */ = {isa = PBXFileReference; explicitFileType = undefined; fileEncoding = 9; includeInIndex = 0; lastKnownFileType = unknown; name = SimpleLineIcons.ttf; path = "../node_modules/react-native-vector-icons/Fonts/SimpleLineIcons.ttf"; sourceTree = "<group>"; };
		992847B22429A3F3168480E2 /* Pods-newscloningTests.release.xcconfig */ = {isa = PBXFileReference; includeInIndex = 1; lastKnownFileType = text.xcconfig; name = "Pods-newscloningTests.release.xcconfig"; path = "Target Support Files/Pods-newscloningTests/Pods-newscloningTests.release.xcconfig"; sourceTree = "<group>"; };
		9EBCCBF518E44EDBB53E0C51 /* MaterialCommunityIcons.ttf */ = {isa = PBXFileReference; explicitFileType = undefined; fileEncoding = 9; includeInIndex = 0; lastKnownFileType = unknown; name = MaterialCommunityIcons.ttf; path = "../node_modules/react-native-vector-icons/Fonts/MaterialCommunityIcons.ttf"; sourceTree = "<group>"; };
		A445457CA28F4557A5A2163A /* Roboto-LightItalic.ttf */ = {isa = PBXFileReference; explicitFileType = undefined; fileEncoding = 9; includeInIndex = 0; lastKnownFileType = file; name = "Roboto-LightItalic.ttf"; path = "../../assets/fonts/Roboto/Roboto-LightItalic.ttf"; sourceTree = "<group>"; };
		A9AAC9F9FB984500BEBDCA24 /* Entypo.ttf */ = {isa = PBXFileReference; explicitFileType = undefined; fileEncoding = 9; includeInIndex = 0; lastKnownFileType = unknown; name = Entypo.ttf; path = "../node_modules/react-native-vector-icons/Fonts/Entypo.ttf"; sourceTree = "<group>"; };
		AA33C34EBED9FE1E75F09A71 /* Pods-newscloning-tvOS.release.xcconfig */ = {isa = PBXFileReference; includeInIndex = 1; lastKnownFileType = text.xcconfig; name = "Pods-newscloning-tvOS.release.xcconfig"; path = "Target Support Files/Pods-newscloning-tvOS/Pods-newscloning-tvOS.release.xcconfig"; sourceTree = "<group>"; };
		AEC4ABFFCD794C3D9B375C88 /* Fontisto.ttf */ = {isa = PBXFileReference; explicitFileType = undefined; fileEncoding = 9; includeInIndex = 0; lastKnownFileType = unknown; name = Fontisto.ttf; path = "../node_modules/react-native-vector-icons/Fonts/Fontisto.ttf"; sourceTree = "<group>"; };
		B25499F9E95D4FF3B7A4581C /* Zocial.ttf */ = {isa = PBXFileReference; explicitFileType = undefined; fileEncoding = 9; includeInIndex = 0; lastKnownFileType = unknown; name = Zocial.ttf; path = "../node_modules/react-native-vector-icons/Fonts/Zocial.ttf"; sourceTree = "<group>"; };
		B968BD0E7B4B4728BDA965E0 /* Lora-Italic.ttf */ = {isa = PBXFileReference; explicitFileType = undefined; fileEncoding = 9; includeInIndex = 0; lastKnownFileType = file; name = "Lora-Italic.ttf"; path = "../../assets/fonts/Lora/Lora-Italic.ttf"; sourceTree = "<group>"; };
		B979F78AB7354FED9E390560 /* Roboto-Light.ttf */ = {isa = PBXFileReference; explicitFileType = undefined; fileEncoding = 9; includeInIndex = 0; lastKnownFileType = file; name = "Roboto-Light.ttf"; path = "../../assets/fonts/Roboto/Roboto-Light.ttf"; sourceTree = "<group>"; };
		C0E67F89AF27497784819DFA /* OpenSans-SemiBoldItalic.ttf */ = {isa = PBXFileReference; explicitFileType = undefined; fileEncoding = 9; includeInIndex = 0; lastKnownFileType = file; name = "OpenSans-SemiBoldItalic.ttf"; path = "../../assets/fonts/Open_Sans/OpenSans-SemiBoldItalic.ttf"; sourceTree = "<group>"; };
		C7BF45F773D164F7B6343CF8 /* Pods-newscloning.release.xcconfig */ = {isa = PBXFileReference; includeInIndex = 1; lastKnownFileType = text.xcconfig; name = "Pods-newscloning.release.xcconfig"; path = "Target Support Files/Pods-newscloning/Pods-newscloning.release.xcconfig"; sourceTree = "<group>"; };
		CA181B4F9C03D84E6B459FF5 /* libPods-newscloningTests.a */ = {isa = PBXFileReference; explicitFileType = archive.ar; includeInIndex = 0; path = "libPods-newscloningTests.a"; sourceTree = BUILT_PRODUCTS_DIR; };
		CA2D9476C608D427B02C5D60 /* libPods-newscloning-tvOS.a */ = {isa = PBXFileReference; explicitFileType = archive.ar; includeInIndex = 0; path = "libPods-newscloning-tvOS.a"; sourceTree = BUILT_PRODUCTS_DIR; };
		CE904F7FD06D4E378B34CBD1 /* FontAwesome.ttf */ = {isa = PBXFileReference; explicitFileType = undefined; fileEncoding = 9; includeInIndex = 0; lastKnownFileType = unknown; name = FontAwesome.ttf; path = "../node_modules/react-native-vector-icons/Fonts/FontAwesome.ttf"; sourceTree = "<group>"; };
		D282568730934D0EB02B2E4D /* Roboto-Black.ttf */ = {isa = PBXFileReference; explicitFileType = undefined; fileEncoding = 9; includeInIndex = 0; lastKnownFileType = file; name = "Roboto-Black.ttf"; path = "../../assets/fonts/Roboto/Roboto-Black.ttf"; sourceTree = "<group>"; };
		DAB2AD9912DC44F686A17CC4 /* Roboto-Bold.ttf */ = {isa = PBXFileReference; explicitFileType = undefined; fileEncoding = 9; includeInIndex = 0; lastKnownFileType = file; name = "Roboto-Bold.ttf"; path = "../../assets/fonts/Roboto/Roboto-Bold.ttf"; sourceTree = "<group>"; };
		DD1A90041ADE4659AF72DC29 /* OpenSans-SemiBold.ttf */ = {isa = PBXFileReference; explicitFileType = undefined; fileEncoding = 9; includeInIndex = 0; lastKnownFileType = file; name = "OpenSans-SemiBold.ttf"; path = "../../assets/fonts/Open_Sans/OpenSans-SemiBold.ttf"; sourceTree = "<group>"; };
		E053583F74ED4559BE96DD54 /* OpenSans-ExtraBoldItalic.ttf */ = {isa = PBXFileReference; explicitFileType = undefined; fileEncoding = 9; includeInIndex = 0; lastKnownFileType = file; name = "OpenSans-ExtraBoldItalic.ttf"; path = "../../assets/fonts/Open_Sans/OpenSans-ExtraBoldItalic.ttf"; sourceTree = "<group>"; };
		E1A68E053E914FEB818191E0 /* Roboto-BoldItalic.ttf */ = {isa = PBXFileReference; explicitFileType = undefined; fileEncoding = 9; includeInIndex = 0; lastKnownFileType = file; name = "Roboto-BoldItalic.ttf"; path = "../../assets/fonts/Roboto/Roboto-BoldItalic.ttf"; sourceTree = "<group>"; };
		E46DE8055C9B40B3B56BD374 /* OpenSans-Regular.ttf */ = {isa = PBXFileReference; explicitFileType = undefined; fileEncoding = 9; includeInIndex = 0; lastKnownFileType = file; name = "OpenSans-Regular.ttf"; path = "../../assets/fonts/Open_Sans/OpenSans-Regular.ttf"; sourceTree = "<group>"; };
		E83BD802224B470FBAFF0092 /* Gupter-Bold.ttf */ = {isa = PBXFileReference; explicitFileType = undefined; fileEncoding = 9; includeInIndex = 0; lastKnownFileType = file; name = "Gupter-Bold.ttf"; path = "../../assets/fonts/Gupter/Gupter-Bold.ttf"; sourceTree = "<group>"; };
		ED297162215061F000B7C4FE /* JavaScriptCore.framework */ = {isa = PBXFileReference; lastKnownFileType = wrapper.framework; name = JavaScriptCore.framework; path = System/Library/Frameworks/JavaScriptCore.framework; sourceTree = SDKROOT; };
		ED2971642150620600B7C4FE /* JavaScriptCore.framework */ = {isa = PBXFileReference; lastKnownFileType = wrapper.framework; name = JavaScriptCore.framework; path = Platforms/AppleTVOS.platform/Developer/SDKs/AppleTVOS12.0.sdk/System/Library/Frameworks/JavaScriptCore.framework; sourceTree = DEVELOPER_DIR; };
		F1A30884411E4956A11C95EA /* OpenSans-BoldItalic.ttf */ = {isa = PBXFileReference; explicitFileType = undefined; fileEncoding = 9; includeInIndex = 0; lastKnownFileType = file; name = "OpenSans-BoldItalic.ttf"; path = "../../assets/fonts/Open_Sans/OpenSans-BoldItalic.ttf"; sourceTree = "<group>"; };
		F2518C461C994FC6B50D3CB4 /* Roboto-MediumItalic.ttf */ = {isa = PBXFileReference; explicitFileType = undefined; fileEncoding = 9; includeInIndex = 0; lastKnownFileType = file; name = "Roboto-MediumItalic.ttf"; path = "../../assets/fonts/Roboto/Roboto-MediumItalic.ttf"; sourceTree = "<group>"; };
		F7B0FB2CEC474E508475F3DF /* EvilIcons.ttf */ = {isa = PBXFileReference; explicitFileType = undefined; fileEncoding = 9; includeInIndex = 0; lastKnownFileType = unknown; name = EvilIcons.ttf; path = "../node_modules/react-native-vector-icons/Fonts/EvilIcons.ttf"; sourceTree = "<group>"; };
		FA2AC31033C79FEBB25E4E22 /* Pods-newscloning-tvOSTests.debug.xcconfig */ = {isa = PBXFileReference; includeInIndex = 1; lastKnownFileType = text.xcconfig; name = "Pods-newscloning-tvOSTests.debug.xcconfig"; path = "Target Support Files/Pods-newscloning-tvOSTests/Pods-newscloning-tvOSTests.debug.xcconfig"; sourceTree = "<group>"; };
		FCF6F222ABB2BD62D9B7BD03 /* Pods-newscloning-tvOS.debug.xcconfig */ = {isa = PBXFileReference; includeInIndex = 1; lastKnownFileType = text.xcconfig; name = "Pods-newscloning-tvOS.debug.xcconfig"; path = "Target Support Files/Pods-newscloning-tvOS/Pods-newscloning-tvOS.debug.xcconfig"; sourceTree = "<group>"; };
/* End PBXFileReference section */

/* Begin PBXFrameworksBuildPhase section */
		00E356EB1AD99517003FC87E /* Frameworks */ = {
			isa = PBXFrameworksBuildPhase;
			buildActionMask = 2147483647;
			files = (
				25787351141BCAFA0C5088AB /* libPods-newscloningTests.a in Frameworks */,
			);
			runOnlyForDeploymentPostprocessing = 0;
		};
		13B07F8C1A680F5B00A75B9A /* Frameworks */ = {
			isa = PBXFrameworksBuildPhase;
			buildActionMask = 2147483647;
			files = (
				566835B828A8B42FA045E22E /* libPods-newscloning.a in Frameworks */,
			);
			runOnlyForDeploymentPostprocessing = 0;
		};
		2D02E4781E0B4A5D006451C7 /* Frameworks */ = {
			isa = PBXFrameworksBuildPhase;
			buildActionMask = 2147483647;
			files = (
				EA4D690193C4033A4EBDA36F /* libPods-newscloning-tvOS.a in Frameworks */,
			);
			runOnlyForDeploymentPostprocessing = 0;
		};
		2D02E48D1E0B4A5D006451C7 /* Frameworks */ = {
			isa = PBXFrameworksBuildPhase;
			buildActionMask = 2147483647;
			files = (
				E0FAF7867018A5525D6EF4A4 /* libPods-newscloning-tvOSTests.a in Frameworks */,
			);
			runOnlyForDeploymentPostprocessing = 0;
		};
/* End PBXFrameworksBuildPhase section */

/* Begin PBXGroup section */
		00E356EF1AD99517003FC87E /* newscloningTests */ = {
			isa = PBXGroup;
			children = (
				00E356F21AD99517003FC87E /* newscloningTests.m */,
				00E356F01AD99517003FC87E /* Supporting Files */,
			);
			path = newscloningTests;
			sourceTree = "<group>";
		};
		00E356F01AD99517003FC87E /* Supporting Files */ = {
			isa = PBXGroup;
			children = (
				00E356F11AD99517003FC87E /* Info.plist */,
			);
			name = "Supporting Files";
			sourceTree = "<group>";
		};
		0986A095239A59E3000C800F /* Fonts */ = {
			isa = PBXGroup;
			children = (
				E83BD802224B470FBAFF0092 /* Gupter-Bold.ttf */,
				2A57545DE6FC4462B6CC9655 /* Gupter-Medium.ttf */,
				4536B06BC6A440C6A02DE282 /* Gupter-Regular.ttf */,
				65FAA257F7C74FD28AB7F974 /* Lora-Bold.ttf */,
				24EC31A078E04C1898BB7DCD /* Lora-BoldItalic.ttf */,
				B968BD0E7B4B4728BDA965E0 /* Lora-Italic.ttf */,
				553C2DBF992F4A4A9017BBE2 /* Lora-Regular.ttf */,
				5208987DEB7D432AB66300A3 /* OpenSans-Bold.ttf */,
				F1A30884411E4956A11C95EA /* OpenSans-BoldItalic.ttf */,
				0067F8E8781C4CAD963AE36D /* OpenSans-ExtraBold.ttf */,
				E053583F74ED4559BE96DD54 /* OpenSans-ExtraBoldItalic.ttf */,
				0DCB209261894CA598C299E2 /* OpenSans-Italic.ttf */,
				19E64A0D0E574FA5B93B756A /* OpenSans-Light.ttf */,
				854AC9E899FA475598823D0A /* OpenSans-LightItalic.ttf */,
				E46DE8055C9B40B3B56BD374 /* OpenSans-Regular.ttf */,
				DD1A90041ADE4659AF72DC29 /* OpenSans-SemiBold.ttf */,
				C0E67F89AF27497784819DFA /* OpenSans-SemiBoldItalic.ttf */,
				D282568730934D0EB02B2E4D /* Roboto-Black.ttf */,
				2A9195AB25054E1D8A7014CB /* Roboto-BlackItalic.ttf */,
				DAB2AD9912DC44F686A17CC4 /* Roboto-Bold.ttf */,
				E1A68E053E914FEB818191E0 /* Roboto-BoldItalic.ttf */,
				48069DDA90134339B7BB0033 /* Roboto-Italic.ttf */,
				B979F78AB7354FED9E390560 /* Roboto-Light.ttf */,
				A445457CA28F4557A5A2163A /* Roboto-LightItalic.ttf */,
				0846571EFA024ABC84734693 /* Roboto-Medium.ttf */,
				F2518C461C994FC6B50D3CB4 /* Roboto-MediumItalic.ttf */,
				0DB8B9EFE35C4F5EB1047171 /* Roboto-Regular.ttf */,
				05A2B52FC4574987B738178E /* Roboto-Thin.ttf */,
				02FBA7649F684011A58714E9 /* Roboto-ThinItalic.ttf */,
				0986A0C6239A5B25000C800F /* AntDesign.ttf */,
				0986A0BB239A5B24000C800F /* Foundation.ttf */,
				0986A0B8239A5B12000C800F /* Zocial.ttf */,
				0986A0B6239A5B0A000C800F /* AntDesign.ttf */,
			);
			path = Fonts;
			sourceTree = "<group>";
		};
		13B07FAE1A68108700A75B9A /* newscloning */ = {
			isa = PBXGroup;
			children = (
				0986A095239A59E3000C800F /* Fonts */,
				008F07F21AC5B25A0029DE68 /* main.jsbundle */,
				13B07FAF1A68108700A75B9A /* AppDelegate.h */,
				13B07FB01A68108700A75B9A /* AppDelegate.m */,
				13B07FB51A68108700A75B9A /* Images.xcassets */,
				13B07FB61A68108700A75B9A /* Info.plist */,
				13B07FB11A68108700A75B9A /* LaunchScreen.xib */,
				13B07FB71A68108700A75B9A /* main.m */,
			);
			name = newscloning;
			sourceTree = "<group>";
		};
		2D16E6871FA4F8E400B85C8A /* Frameworks */ = {
			isa = PBXGroup;
			children = (
				ED297162215061F000B7C4FE /* JavaScriptCore.framework */,
				ED2971642150620600B7C4FE /* JavaScriptCore.framework */,
				7C1F767E1A79F9D15E9903C5 /* libPods-newscloning.a */,
				CA2D9476C608D427B02C5D60 /* libPods-newscloning-tvOS.a */,
				59CBA5BDA1AA4B9ADFFF5734 /* libPods-newscloning-tvOSTests.a */,
				CA181B4F9C03D84E6B459FF5 /* libPods-newscloningTests.a */,
			);
			name = Frameworks;
			sourceTree = "<group>";
		};
		832341AE1AAA6A7D00B99B32 /* Libraries */ = {
			isa = PBXGroup;
			children = (
			);
			name = Libraries;
			sourceTree = "<group>";
		};
		83CBB9F61A601CBA00E9B192 = {
			isa = PBXGroup;
			children = (
				13B07FAE1A68108700A75B9A /* newscloning */,
				832341AE1AAA6A7D00B99B32 /* Libraries */,
				00E356EF1AD99517003FC87E /* newscloningTests */,
				83CBBA001A601CBA00E9B192 /* Products */,
				2D16E6871FA4F8E400B85C8A /* Frameworks */,
				E46AE862E4CCCC6422413AAD /* Pods */,
				A097809FCB6F49169EDD894A /* Resources */,
			);
			indentWidth = 2;
			sourceTree = "<group>";
			tabWidth = 2;
			usesTabs = 0;
		};
		83CBBA001A601CBA00E9B192 /* Products */ = {
			isa = PBXGroup;
			children = (
				13B07F961A680F5B00A75B9A /* newscloning.app */,
				00E356EE1AD99517003FC87E /* newscloningTests.xctest */,
				2D02E47B1E0B4A5D006451C7 /* newscloning-tvOS.app */,
				2D02E4901E0B4A5D006451C7 /* newscloning-tvOSTests.xctest */,
			);
			name = Products;
			sourceTree = "<group>";
		};
		A097809FCB6F49169EDD894A /* Resources */ = {
			isa = PBXGroup;
			children = (
				4C1BABD4D3734B24801249FD /* AntDesign.ttf */,
				A9AAC9F9FB984500BEBDCA24 /* Entypo.ttf */,
				F7B0FB2CEC474E508475F3DF /* EvilIcons.ttf */,
				20085F19BA114A41AE18FCB5 /* Feather.ttf */,
				CE904F7FD06D4E378B34CBD1 /* FontAwesome.ttf */,
				6A8B16EF372D4F8DBA462961 /* FontAwesome5_Brands.ttf */,
				3A1B572251E24589A39B12D1 /* FontAwesome5_Regular.ttf */,
				18336751987845E88FD37A22 /* FontAwesome5_Solid.ttf */,
				AEC4ABFFCD794C3D9B375C88 /* Fontisto.ttf */,
				7234F9F70DB742C789B52120 /* Ionicons.ttf */,
				9EBCCBF518E44EDBB53E0C51 /* MaterialCommunityIcons.ttf */,
				363386FCE69D4093964861F3 /* MaterialIcons.ttf */,
				3B949B6A7A994377B8D903B2 /* Octicons.ttf */,
				950AF57BBF5B4A05A2AE7A2F /* SimpleLineIcons.ttf */,
				B25499F9E95D4FF3B7A4581C /* Zocial.ttf */,
			);
			name = Resources;
			sourceTree = "<group>";
		};
		E46AE862E4CCCC6422413AAD /* Pods */ = {
			isa = PBXGroup;
			children = (
				09C25E6745DAD7BC046BF595 /* Pods-newscloning.debug.xcconfig */,
				C7BF45F773D164F7B6343CF8 /* Pods-newscloning.release.xcconfig */,
				FCF6F222ABB2BD62D9B7BD03 /* Pods-newscloning-tvOS.debug.xcconfig */,
				AA33C34EBED9FE1E75F09A71 /* Pods-newscloning-tvOS.release.xcconfig */,
				FA2AC31033C79FEBB25E4E22 /* Pods-newscloning-tvOSTests.debug.xcconfig */,
				43564A96AF65109D5555B44E /* Pods-newscloning-tvOSTests.release.xcconfig */,
				2F2EE98084ABFD4D9B3ADFEB /* Pods-newscloningTests.debug.xcconfig */,
				992847B22429A3F3168480E2 /* Pods-newscloningTests.release.xcconfig */,
			);
			path = Pods;
			sourceTree = "<group>";
		};
/* End PBXGroup section */

/* Begin PBXNativeTarget section */
		00E356ED1AD99517003FC87E /* newscloningTests */ = {
			isa = PBXNativeTarget;
			buildConfigurationList = 00E357021AD99517003FC87E /* Build configuration list for PBXNativeTarget "newscloningTests" */;
			buildPhases = (
				7E8FD694E20F253263EA8A54 /* [CP] Check Pods Manifest.lock */,
				00E356EA1AD99517003FC87E /* Sources */,
				00E356EB1AD99517003FC87E /* Frameworks */,
				00E356EC1AD99517003FC87E /* Resources */,
			);
			buildRules = (
			);
			dependencies = (
				00E356F51AD99517003FC87E /* PBXTargetDependency */,
			);
			name = newscloningTests;
			productName = newscloningTests;
			productReference = 00E356EE1AD99517003FC87E /* newscloningTests.xctest */;
			productType = "com.apple.product-type.bundle.unit-test";
		};
		13B07F861A680F5B00A75B9A /* newscloning */ = {
			isa = PBXNativeTarget;
			buildConfigurationList = 13B07F931A680F5B00A75B9A /* Build configuration list for PBXNativeTarget "newscloning" */;
			buildPhases = (
				85A995336138383C234ECD73 /* [CP] Check Pods Manifest.lock */,
				FD10A7F022414F080027D42C /* Start Packager */,
				13B07F871A680F5B00A75B9A /* Sources */,
				13B07F8C1A680F5B00A75B9A /* Frameworks */,
				13B07F8E1A680F5B00A75B9A /* Resources */,
				00DD1BFF1BD5951E006B06BC /* Bundle React Native code and images */,
				76D7267218B74E241B3A351E /* [CP] Copy Pods Resources */,
			);
			buildRules = (
			);
			dependencies = (
			);
			name = newscloning;
			productName = newscloning;
			productReference = 13B07F961A680F5B00A75B9A /* newscloning.app */;
			productType = "com.apple.product-type.application";
		};
		2D02E47A1E0B4A5D006451C7 /* newscloning-tvOS */ = {
			isa = PBXNativeTarget;
			buildConfigurationList = 2D02E4BA1E0B4A5E006451C7 /* Build configuration list for PBXNativeTarget "newscloning-tvOS" */;
			buildPhases = (
				44C341F1D51B2736435C2FC1 /* [CP] Check Pods Manifest.lock */,
				FD10A7F122414F3F0027D42C /* Start Packager */,
				2D02E4771E0B4A5D006451C7 /* Sources */,
				2D02E4781E0B4A5D006451C7 /* Frameworks */,
				2D02E4791E0B4A5D006451C7 /* Resources */,
				2D02E4CB1E0B4B27006451C7 /* Bundle React Native Code And Images */,
			);
			buildRules = (
			);
			dependencies = (
			);
			name = "newscloning-tvOS";
			productName = "newscloning-tvOS";
			productReference = 2D02E47B1E0B4A5D006451C7 /* newscloning-tvOS.app */;
			productType = "com.apple.product-type.application";
		};
		2D02E48F1E0B4A5D006451C7 /* newscloning-tvOSTests */ = {
			isa = PBXNativeTarget;
			buildConfigurationList = 2D02E4BB1E0B4A5E006451C7 /* Build configuration list for PBXNativeTarget "newscloning-tvOSTests" */;
			buildPhases = (
				20156180AF58895E4360B800 /* [CP] Check Pods Manifest.lock */,
				2D02E48C1E0B4A5D006451C7 /* Sources */,
				2D02E48D1E0B4A5D006451C7 /* Frameworks */,
				2D02E48E1E0B4A5D006451C7 /* Resources */,
			);
			buildRules = (
			);
			dependencies = (
				2D02E4921E0B4A5D006451C7 /* PBXTargetDependency */,
			);
			name = "newscloning-tvOSTests";
			productName = "newscloning-tvOSTests";
			productReference = 2D02E4901E0B4A5D006451C7 /* newscloning-tvOSTests.xctest */;
			productType = "com.apple.product-type.bundle.unit-test";
		};
/* End PBXNativeTarget section */

/* Begin PBXProject section */
		83CBB9F71A601CBA00E9B192 /* Project object */ = {
			isa = PBXProject;
			attributes = {
				LastUpgradeCheck = 940;
				ORGANIZATIONNAME = Facebook;
				TargetAttributes = {
					00E356ED1AD99517003FC87E = {
						CreatedOnToolsVersion = 6.2;
						TestTargetID = 13B07F861A680F5B00A75B9A;
					};
					2D02E47A1E0B4A5D006451C7 = {
						CreatedOnToolsVersion = 8.2.1;
						ProvisioningStyle = Automatic;
					};
					2D02E48F1E0B4A5D006451C7 = {
						CreatedOnToolsVersion = 8.2.1;
						ProvisioningStyle = Automatic;
						TestTargetID = 2D02E47A1E0B4A5D006451C7;
					};
				};
			};
			buildConfigurationList = 83CBB9FA1A601CBA00E9B192 /* Build configuration list for PBXProject "newscloning" */;
			compatibilityVersion = "Xcode 3.2";
			developmentRegion = English;
			hasScannedForEncodings = 0;
			knownRegions = (
				English,
				en,
				Base,
			);
			mainGroup = 83CBB9F61A601CBA00E9B192;
			productRefGroup = 83CBBA001A601CBA00E9B192 /* Products */;
			projectDirPath = "";
			projectRoot = "";
			targets = (
				13B07F861A680F5B00A75B9A /* newscloning */,
				00E356ED1AD99517003FC87E /* newscloningTests */,
				2D02E47A1E0B4A5D006451C7 /* newscloning-tvOS */,
				2D02E48F1E0B4A5D006451C7 /* newscloning-tvOSTests */,
			);
		};
/* End PBXProject section */

/* Begin PBXResourcesBuildPhase section */
		00E356EC1AD99517003FC87E /* Resources */ = {
			isa = PBXResourcesBuildPhase;
			buildActionMask = 2147483647;
			files = (
			);
			runOnlyForDeploymentPostprocessing = 0;
		};
		13B07F8E1A680F5B00A75B9A /* Resources */ = {
			isa = PBXResourcesBuildPhase;
			buildActionMask = 2147483647;
			files = (
				13B07FBF1A68108700A75B9A /* Images.xcassets in Resources */,
				13B07FBD1A68108700A75B9A /* LaunchScreen.xib in Resources */,
				81D52412A4D1458D9C27ECF3 /* Gupter-Bold.ttf in Resources */,
				2B811EF968244FCD9962E4AD /* Gupter-Medium.ttf in Resources */,
				0CA786D3C81F4F0FB3CA774C /* Gupter-Regular.ttf in Resources */,
				057D25E03B324EEFAD3063E1 /* Lora-Bold.ttf in Resources */,
				D9F99655789F446FAA2254B3 /* Lora-BoldItalic.ttf in Resources */,
				0E690F79C4584015BE18A0A0 /* Lora-Italic.ttf in Resources */,
				D13AB696FEA24E508AF8E86F /* Lora-Regular.ttf in Resources */,
				869EC6201FCD4EFCB4955636 /* OpenSans-Bold.ttf in Resources */,
				833BB372520148388F225E64 /* OpenSans-BoldItalic.ttf in Resources */,
				AFD26AA15E6240488F4A4A84 /* OpenSans-ExtraBold.ttf in Resources */,
				0B97119996984BCAAB7998A6 /* OpenSans-ExtraBoldItalic.ttf in Resources */,
				94BBDA11469646BBA0CF8EB0 /* OpenSans-Italic.ttf in Resources */,
				2D9C7FCEE99343869C978BDF /* OpenSans-Light.ttf in Resources */,
				3FB9DD08CA5D49C7863EA8DC /* OpenSans-LightItalic.ttf in Resources */,
				E2CBA4647B61483F8C30CE85 /* OpenSans-Regular.ttf in Resources */,
				B9F3132FBFDD491EA3C445EA /* OpenSans-SemiBold.ttf in Resources */,
				DCD2ED1E450848D78B68F0A0 /* OpenSans-SemiBoldItalic.ttf in Resources */,
				5BCBD65A1DFE4299A7F0F028 /* Roboto-Black.ttf in Resources */,
				C5E75CBCC3E041B9B498A90F /* Roboto-BlackItalic.ttf in Resources */,
				CACF3FD9ABE944CFAB59F8EF /* Roboto-Bold.ttf in Resources */,
				59A969D9671049868BD39C62 /* Roboto-BoldItalic.ttf in Resources */,
				B39A0C984FFE417C99E52D56 /* Roboto-Italic.ttf in Resources */,
				A47F1BE0CD1D4A63AA4F8AD6 /* Roboto-Light.ttf in Resources */,
				9624F6A2E88B4EA38463EDDC /* Roboto-LightItalic.ttf in Resources */,
				FD4464D66F3749C886E23210 /* Roboto-Medium.ttf in Resources */,
				9612B1EDBB964D70A2A60E93 /* Roboto-MediumItalic.ttf in Resources */,
				31A30ACF57144965818B47AA /* Roboto-Regular.ttf in Resources */,
				2FE7E3361FB94DFFB8CFB617 /* Roboto-Thin.ttf in Resources */,
				AEA4129691DC40F9B36AD110 /* Roboto-ThinItalic.ttf in Resources */,
			);
			runOnlyForDeploymentPostprocessing = 0;
		};
		2D02E4791E0B4A5D006451C7 /* Resources */ = {
			isa = PBXResourcesBuildPhase;
			buildActionMask = 2147483647;
			files = (
				2D02E4BD1E0B4A84006451C7 /* Images.xcassets in Resources */,
			);
			runOnlyForDeploymentPostprocessing = 0;
		};
		2D02E48E1E0B4A5D006451C7 /* Resources */ = {
			isa = PBXResourcesBuildPhase;
			buildActionMask = 2147483647;
			files = (
			);
			runOnlyForDeploymentPostprocessing = 0;
		};
/* End PBXResourcesBuildPhase section */

/* Begin PBXShellScriptBuildPhase section */
		00DD1BFF1BD5951E006B06BC /* Bundle React Native code and images */ = {
			isa = PBXShellScriptBuildPhase;
			buildActionMask = 2147483647;
			files = (
			);
			inputPaths = (
			);
			name = "Bundle React Native code and images";
			outputPaths = (
			);
			runOnlyForDeploymentPostprocessing = 0;
			shellPath = /bin/sh;
			shellScript = "export NODE_BINARY=node\n../node_modules/react-native/scripts/react-native-xcode.sh";
		};
		20156180AF58895E4360B800 /* [CP] Check Pods Manifest.lock */ = {
			isa = PBXShellScriptBuildPhase;
			buildActionMask = 2147483647;
			files = (
			);
			inputFileListPaths = (
			);
			inputPaths = (
				"${PODS_PODFILE_DIR_PATH}/Podfile.lock",
				"${PODS_ROOT}/Manifest.lock",
			);
			name = "[CP] Check Pods Manifest.lock";
			outputFileListPaths = (
			);
			outputPaths = (
				"$(DERIVED_FILE_DIR)/Pods-newscloning-tvOSTests-checkManifestLockResult.txt",
			);
			runOnlyForDeploymentPostprocessing = 0;
			shellPath = /bin/sh;
			shellScript = "diff \"${PODS_PODFILE_DIR_PATH}/Podfile.lock\" \"${PODS_ROOT}/Manifest.lock\" > /dev/null\nif [ $? != 0 ] ; then\n    # print error to STDERR\n    echo \"error: The sandbox is not in sync with the Podfile.lock. Run 'pod install' or update your CocoaPods installation.\" >&2\n    exit 1\nfi\n# This output is used by Xcode 'outputs' to avoid re-running this script phase.\necho \"SUCCESS\" > \"${SCRIPT_OUTPUT_FILE_0}\"\n";
			showEnvVarsInLog = 0;
		};
		2D02E4CB1E0B4B27006451C7 /* Bundle React Native Code And Images */ = {
			isa = PBXShellScriptBuildPhase;
			buildActionMask = 2147483647;
			files = (
			);
			inputPaths = (
			);
			name = "Bundle React Native Code And Images";
			outputPaths = (
			);
			runOnlyForDeploymentPostprocessing = 0;
			shellPath = /bin/sh;
			shellScript = "export NODE_BINARY=node\n../node_modules/react-native/scripts/react-native-xcode.sh";
		};
		44C341F1D51B2736435C2FC1 /* [CP] Check Pods Manifest.lock */ = {
			isa = PBXShellScriptBuildPhase;
			buildActionMask = 2147483647;
			files = (
			);
			inputFileListPaths = (
			);
			inputPaths = (
				"${PODS_PODFILE_DIR_PATH}/Podfile.lock",
				"${PODS_ROOT}/Manifest.lock",
			);
			name = "[CP] Check Pods Manifest.lock";
			outputFileListPaths = (
			);
			outputPaths = (
				"$(DERIVED_FILE_DIR)/Pods-newscloning-tvOS-checkManifestLockResult.txt",
			);
			runOnlyForDeploymentPostprocessing = 0;
			shellPath = /bin/sh;
			shellScript = "diff \"${PODS_PODFILE_DIR_PATH}/Podfile.lock\" \"${PODS_ROOT}/Manifest.lock\" > /dev/null\nif [ $? != 0 ] ; then\n    # print error to STDERR\n    echo \"error: The sandbox is not in sync with the Podfile.lock. Run 'pod install' or update your CocoaPods installation.\" >&2\n    exit 1\nfi\n# This output is used by Xcode 'outputs' to avoid re-running this script phase.\necho \"SUCCESS\" > \"${SCRIPT_OUTPUT_FILE_0}\"\n";
			showEnvVarsInLog = 0;
		};
		76D7267218B74E241B3A351E /* [CP] Copy Pods Resources */ = {
			isa = PBXShellScriptBuildPhase;
			buildActionMask = 2147483647;
			files = (
			);
			inputPaths = (
				"${PODS_ROOT}/Target Support Files/Pods-newscloning/Pods-newscloning-resources.sh",
				"${PODS_ROOT}/../../node_modules/react-native-vector-icons/Fonts/AntDesign.ttf",
				"${PODS_ROOT}/../../node_modules/react-native-vector-icons/Fonts/Entypo.ttf",
				"${PODS_ROOT}/../../node_modules/react-native-vector-icons/Fonts/EvilIcons.ttf",
				"${PODS_ROOT}/../../node_modules/react-native-vector-icons/Fonts/Feather.ttf",
				"${PODS_ROOT}/../../node_modules/react-native-vector-icons/Fonts/FontAwesome.ttf",
				"${PODS_ROOT}/../../node_modules/react-native-vector-icons/Fonts/FontAwesome5_Brands.ttf",
				"${PODS_ROOT}/../../node_modules/react-native-vector-icons/Fonts/FontAwesome5_Regular.ttf",
				"${PODS_ROOT}/../../node_modules/react-native-vector-icons/Fonts/FontAwesome5_Solid.ttf",
				"${PODS_ROOT}/../../node_modules/react-native-vector-icons/Fonts/Fontisto.ttf",
				"${PODS_ROOT}/../../node_modules/react-native-vector-icons/Fonts/Foundation.ttf",
				"${PODS_ROOT}/../../node_modules/react-native-vector-icons/Fonts/Ionicons.ttf",
				"${PODS_ROOT}/../../node_modules/react-native-vector-icons/Fonts/MaterialCommunityIcons.ttf",
				"${PODS_ROOT}/../../node_modules/react-native-vector-icons/Fonts/MaterialIcons.ttf",
				"${PODS_ROOT}/../../node_modules/react-native-vector-icons/Fonts/Octicons.ttf",
				"${PODS_ROOT}/../../node_modules/react-native-vector-icons/Fonts/SimpleLineIcons.ttf",
				"${PODS_ROOT}/../../node_modules/react-native-vector-icons/Fonts/Zocial.ttf",
			);
			name = "[CP] Copy Pods Resources";
			outputPaths = (
				"${TARGET_BUILD_DIR}/${UNLOCALIZED_RESOURCES_FOLDER_PATH}/AntDesign.ttf",
				"${TARGET_BUILD_DIR}/${UNLOCALIZED_RESOURCES_FOLDER_PATH}/Entypo.ttf",
				"${TARGET_BUILD_DIR}/${UNLOCALIZED_RESOURCES_FOLDER_PATH}/EvilIcons.ttf",
				"${TARGET_BUILD_DIR}/${UNLOCALIZED_RESOURCES_FOLDER_PATH}/Feather.ttf",
				"${TARGET_BUILD_DIR}/${UNLOCALIZED_RESOURCES_FOLDER_PATH}/FontAwesome.ttf",
				"${TARGET_BUILD_DIR}/${UNLOCALIZED_RESOURCES_FOLDER_PATH}/FontAwesome5_Brands.ttf",
				"${TARGET_BUILD_DIR}/${UNLOCALIZED_RESOURCES_FOLDER_PATH}/FontAwesome5_Regular.ttf",
				"${TARGET_BUILD_DIR}/${UNLOCALIZED_RESOURCES_FOLDER_PATH}/FontAwesome5_Solid.ttf",
				"${TARGET_BUILD_DIR}/${UNLOCALIZED_RESOURCES_FOLDER_PATH}/Fontisto.ttf",
				"${TARGET_BUILD_DIR}/${UNLOCALIZED_RESOURCES_FOLDER_PATH}/Foundation.ttf",
				"${TARGET_BUILD_DIR}/${UNLOCALIZED_RESOURCES_FOLDER_PATH}/Ionicons.ttf",
				"${TARGET_BUILD_DIR}/${UNLOCALIZED_RESOURCES_FOLDER_PATH}/MaterialCommunityIcons.ttf",
				"${TARGET_BUILD_DIR}/${UNLOCALIZED_RESOURCES_FOLDER_PATH}/MaterialIcons.ttf",
				"${TARGET_BUILD_DIR}/${UNLOCALIZED_RESOURCES_FOLDER_PATH}/Octicons.ttf",
				"${TARGET_BUILD_DIR}/${UNLOCALIZED_RESOURCES_FOLDER_PATH}/SimpleLineIcons.ttf",
				"${TARGET_BUILD_DIR}/${UNLOCALIZED_RESOURCES_FOLDER_PATH}/Zocial.ttf",
			);
			runOnlyForDeploymentPostprocessing = 0;
			shellPath = /bin/sh;
			shellScript = "\"${PODS_ROOT}/Target Support Files/Pods-newscloning/Pods-newscloning-resources.sh\"\n";
			showEnvVarsInLog = 0;
		};
		7E8FD694E20F253263EA8A54 /* [CP] Check Pods Manifest.lock */ = {
			isa = PBXShellScriptBuildPhase;
			buildActionMask = 2147483647;
			files = (
			);
			inputFileListPaths = (
			);
			inputPaths = (
				"${PODS_PODFILE_DIR_PATH}/Podfile.lock",
				"${PODS_ROOT}/Manifest.lock",
			);
			name = "[CP] Check Pods Manifest.lock";
			outputFileListPaths = (
			);
			outputPaths = (
				"$(DERIVED_FILE_DIR)/Pods-newscloningTests-checkManifestLockResult.txt",
			);
			runOnlyForDeploymentPostprocessing = 0;
			shellPath = /bin/sh;
			shellScript = "diff \"${PODS_PODFILE_DIR_PATH}/Podfile.lock\" \"${PODS_ROOT}/Manifest.lock\" > /dev/null\nif [ $? != 0 ] ; then\n    # print error to STDERR\n    echo \"error: The sandbox is not in sync with the Podfile.lock. Run 'pod install' or update your CocoaPods installation.\" >&2\n    exit 1\nfi\n# This output is used by Xcode 'outputs' to avoid re-running this script phase.\necho \"SUCCESS\" > \"${SCRIPT_OUTPUT_FILE_0}\"\n";
			showEnvVarsInLog = 0;
		};
		85A995336138383C234ECD73 /* [CP] Check Pods Manifest.lock */ = {
			isa = PBXShellScriptBuildPhase;
			buildActionMask = 2147483647;
			files = (
			);
			inputFileListPaths = (
			);
			inputPaths = (
				"${PODS_PODFILE_DIR_PATH}/Podfile.lock",
				"${PODS_ROOT}/Manifest.lock",
			);
			name = "[CP] Check Pods Manifest.lock";
			outputFileListPaths = (
			);
			outputPaths = (
				"$(DERIVED_FILE_DIR)/Pods-newscloning-checkManifestLockResult.txt",
			);
			runOnlyForDeploymentPostprocessing = 0;
			shellPath = /bin/sh;
			shellScript = "diff \"${PODS_PODFILE_DIR_PATH}/Podfile.lock\" \"${PODS_ROOT}/Manifest.lock\" > /dev/null\nif [ $? != 0 ] ; then\n    # print error to STDERR\n    echo \"error: The sandbox is not in sync with the Podfile.lock. Run 'pod install' or update your CocoaPods installation.\" >&2\n    exit 1\nfi\n# This output is used by Xcode 'outputs' to avoid re-running this script phase.\necho \"SUCCESS\" > \"${SCRIPT_OUTPUT_FILE_0}\"\n";
			showEnvVarsInLog = 0;
		};
		FD10A7F022414F080027D42C /* Start Packager */ = {
			isa = PBXShellScriptBuildPhase;
			buildActionMask = 2147483647;
			files = (
			);
			inputFileListPaths = (
			);
			inputPaths = (
			);
			name = "Start Packager";
			outputFileListPaths = (
			);
			outputPaths = (
			);
			runOnlyForDeploymentPostprocessing = 0;
			shellPath = /bin/sh;
			shellScript = "export RCT_METRO_PORT=\"${RCT_METRO_PORT:=8081}\"\necho \"export RCT_METRO_PORT=${RCT_METRO_PORT}\" > \"${SRCROOT}/../node_modules/react-native/scripts/.packager.env\"\nif [ -z \"${RCT_NO_LAUNCH_PACKAGER+xxx}\" ] ; then\n  if nc -w 5 -z localhost ${RCT_METRO_PORT} ; then\n    if ! curl -s \"http://localhost:${RCT_METRO_PORT}/status\" | grep -q \"packager-status:running\" ; then\n      echo \"Port ${RCT_METRO_PORT} already in use, packager is either not running or not running correctly\"\n      exit 2\n    fi\n  else\n    open \"$SRCROOT/../node_modules/react-native/scripts/launchPackager.command\" || echo \"Can't start packager automatically\"\n  fi\nfi\n";
			showEnvVarsInLog = 0;
		};
		FD10A7F122414F3F0027D42C /* Start Packager */ = {
			isa = PBXShellScriptBuildPhase;
			buildActionMask = 2147483647;
			files = (
			);
			inputFileListPaths = (
			);
			inputPaths = (
			);
			name = "Start Packager";
			outputFileListPaths = (
			);
			outputPaths = (
			);
			runOnlyForDeploymentPostprocessing = 0;
			shellPath = /bin/sh;
			shellScript = "export RCT_METRO_PORT=\"${RCT_METRO_PORT:=8081}\"\necho \"export RCT_METRO_PORT=${RCT_METRO_PORT}\" > \"${SRCROOT}/../node_modules/react-native/scripts/.packager.env\"\nif [ -z \"${RCT_NO_LAUNCH_PACKAGER+xxx}\" ] ; then\n  if nc -w 5 -z localhost ${RCT_METRO_PORT} ; then\n    if ! curl -s \"http://localhost:${RCT_METRO_PORT}/status\" | grep -q \"packager-status:running\" ; then\n      echo \"Port ${RCT_METRO_PORT} already in use, packager is either not running or not running correctly\"\n      exit 2\n    fi\n  else\n    open \"$SRCROOT/../node_modules/react-native/scripts/launchPackager.command\" || echo \"Can't start packager automatically\"\n  fi\nfi\n";
			showEnvVarsInLog = 0;
		};
/* End PBXShellScriptBuildPhase section */

/* Begin PBXSourcesBuildPhase section */
		00E356EA1AD99517003FC87E /* Sources */ = {
			isa = PBXSourcesBuildPhase;
			buildActionMask = 2147483647;
			files = (
				00E356F31AD99517003FC87E /* newscloningTests.m in Sources */,
			);
			runOnlyForDeploymentPostprocessing = 0;
		};
		13B07F871A680F5B00A75B9A /* Sources */ = {
			isa = PBXSourcesBuildPhase;
			buildActionMask = 2147483647;
			files = (
				13B07FBC1A68108700A75B9A /* AppDelegate.m in Sources */,
				13B07FC11A68108700A75B9A /* main.m in Sources */,
			);
			runOnlyForDeploymentPostprocessing = 0;
		};
		2D02E4771E0B4A5D006451C7 /* Sources */ = {
			isa = PBXSourcesBuildPhase;
			buildActionMask = 2147483647;
			files = (
				2D02E4BF1E0B4AB3006451C7 /* main.m in Sources */,
				2D02E4BC1E0B4A80006451C7 /* AppDelegate.m in Sources */,
			);
			runOnlyForDeploymentPostprocessing = 0;
		};
		2D02E48C1E0B4A5D006451C7 /* Sources */ = {
			isa = PBXSourcesBuildPhase;
			buildActionMask = 2147483647;
			files = (
				2DCD954D1E0B4F2C00145EB5 /* newscloningTests.m in Sources */,
			);
			runOnlyForDeploymentPostprocessing = 0;
		};
/* End PBXSourcesBuildPhase section */

/* Begin PBXTargetDependency section */
		00E356F51AD99517003FC87E /* PBXTargetDependency */ = {
			isa = PBXTargetDependency;
			target = 13B07F861A680F5B00A75B9A /* newscloning */;
			targetProxy = 00E356F41AD99517003FC87E /* PBXContainerItemProxy */;
		};
		2D02E4921E0B4A5D006451C7 /* PBXTargetDependency */ = {
			isa = PBXTargetDependency;
			target = 2D02E47A1E0B4A5D006451C7 /* newscloning-tvOS */;
			targetProxy = 2D02E4911E0B4A5D006451C7 /* PBXContainerItemProxy */;
		};
/* End PBXTargetDependency section */

/* Begin PBXVariantGroup section */
		13B07FB11A68108700A75B9A /* LaunchScreen.xib */ = {
			isa = PBXVariantGroup;
			children = (
				13B07FB21A68108700A75B9A /* Base */,
			);
			name = LaunchScreen.xib;
			path = newscloning;
			sourceTree = "<group>";
		};
/* End PBXVariantGroup section */

/* Begin XCBuildConfiguration section */
		00E356F61AD99517003FC87E /* Debug */ = {
			isa = XCBuildConfiguration;
			baseConfigurationReference = 2F2EE98084ABFD4D9B3ADFEB /* Pods-newscloningTests.debug.xcconfig */;
			buildSettings = {
				BUNDLE_LOADER = "$(TEST_HOST)";
				GCC_PREPROCESSOR_DEFINITIONS = (
					"DEBUG=1",
					"$(inherited)",
				);
				INFOPLIST_FILE = newscloningTests/Info.plist;
				IPHONEOS_DEPLOYMENT_TARGET = 9.0;
				LD_RUNPATH_SEARCH_PATHS = "$(inherited) @executable_path/Frameworks @loader_path/Frameworks";
				OTHER_LDFLAGS = (
					"-ObjC",
					"-lc++",
					"$(inherited)",
				);
				PRODUCT_BUNDLE_IDENTIFIER = "org.reactjs.native.example.$(PRODUCT_NAME:rfc1034identifier)";
				PRODUCT_NAME = "$(TARGET_NAME)";
				TEST_HOST = "$(BUILT_PRODUCTS_DIR)/newscloning.app/newscloning";
			};
			name = Debug;
		};
		00E356F71AD99517003FC87E /* Release */ = {
			isa = XCBuildConfiguration;
			baseConfigurationReference = 992847B22429A3F3168480E2 /* Pods-newscloningTests.release.xcconfig */;
			buildSettings = {
				BUNDLE_LOADER = "$(TEST_HOST)";
				COPY_PHASE_STRIP = NO;
				INFOPLIST_FILE = newscloningTests/Info.plist;
				IPHONEOS_DEPLOYMENT_TARGET = 9.0;
				LD_RUNPATH_SEARCH_PATHS = "$(inherited) @executable_path/Frameworks @loader_path/Frameworks";
				OTHER_LDFLAGS = (
					"-ObjC",
					"-lc++",
					"$(inherited)",
				);
				PRODUCT_BUNDLE_IDENTIFIER = "org.reactjs.native.example.$(PRODUCT_NAME:rfc1034identifier)";
				PRODUCT_NAME = "$(TARGET_NAME)";
				TEST_HOST = "$(BUILT_PRODUCTS_DIR)/newscloning.app/newscloning";
			};
			name = Release;
		};
		13B07F941A680F5B00A75B9A /* Debug */ = {
			isa = XCBuildConfiguration;
			baseConfigurationReference = 09C25E6745DAD7BC046BF595 /* Pods-newscloning.debug.xcconfig */;
			buildSettings = {
				ASSETCATALOG_COMPILER_APPICON_NAME = AppIcon;
				CURRENT_PROJECT_VERSION = 1;
				DEAD_CODE_STRIPPING = NO;
				INFOPLIST_FILE = newscloning/Info.plist;
				IPHONEOS_DEPLOYMENT_TARGET = 13.2;
				LD_RUNPATH_SEARCH_PATHS = "$(inherited) @executable_path/Frameworks";
				OTHER_LDFLAGS = (
					"$(inherited)",
					"-ObjC",
					"-lc++",
				);
				PRODUCT_BUNDLE_IDENTIFIER = example.newscloning;
				PRODUCT_NAME = newscloning;
				TARGETED_DEVICE_FAMILY = "1,2";
				VERSIONING_SYSTEM = "apple-generic";
			};
			name = Debug;
		};
		13B07F951A680F5B00A75B9A /* Release */ = {
			isa = XCBuildConfiguration;
			baseConfigurationReference = C7BF45F773D164F7B6343CF8 /* Pods-newscloning.release.xcconfig */;
			buildSettings = {
				ASSETCATALOG_COMPILER_APPICON_NAME = AppIcon;
				CURRENT_PROJECT_VERSION = 1;
				INFOPLIST_FILE = newscloning/Info.plist;
				IPHONEOS_DEPLOYMENT_TARGET = 13.2;
				LD_RUNPATH_SEARCH_PATHS = "$(inherited) @executable_path/Frameworks";
				OTHER_LDFLAGS = (
					"$(inherited)",
					"-ObjC",
					"-lc++",
				);
				PRODUCT_BUNDLE_IDENTIFIER = example.newscloning;
				PRODUCT_NAME = newscloning;
				TARGETED_DEVICE_FAMILY = "1,2";
				VERSIONING_SYSTEM = "apple-generic";
			};
			name = Release;
		};
		2D02E4971E0B4A5E006451C7 /* Debug */ = {
			isa = XCBuildConfiguration;
			baseConfigurationReference = FCF6F222ABB2BD62D9B7BD03 /* Pods-newscloning-tvOS.debug.xcconfig */;
			buildSettings = {
				ASSETCATALOG_COMPILER_APPICON_NAME = "App Icon & Top Shelf Image";
				ASSETCATALOG_COMPILER_LAUNCHIMAGE_NAME = LaunchImage;
				CLANG_ANALYZER_NONNULL = YES;
				CLANG_WARN_DOCUMENTATION_COMMENTS = YES;
				CLANG_WARN_INFINITE_RECURSION = YES;
				CLANG_WARN_SUSPICIOUS_MOVE = YES;
				DEBUG_INFORMATION_FORMAT = dwarf;
				ENABLE_TESTABILITY = YES;
				GCC_NO_COMMON_BLOCKS = YES;
				INFOPLIST_FILE = "newscloning-tvOS/Info.plist";
				LD_RUNPATH_SEARCH_PATHS = "$(inherited) @executable_path/Frameworks";
				OTHER_LDFLAGS = (
					"$(inherited)",
					"-ObjC",
					"-lc++",
				);
				PRODUCT_BUNDLE_IDENTIFIER = "com.facebook.REACT.newscloning-tvOS";
				PRODUCT_NAME = "$(TARGET_NAME)";
				SDKROOT = appletvos;
				TARGETED_DEVICE_FAMILY = 3;
				TVOS_DEPLOYMENT_TARGET = 9.2;
			};
			name = Debug;
		};
		2D02E4981E0B4A5E006451C7 /* Release */ = {
			isa = XCBuildConfiguration;
			baseConfigurationReference = AA33C34EBED9FE1E75F09A71 /* Pods-newscloning-tvOS.release.xcconfig */;
			buildSettings = {
				ASSETCATALOG_COMPILER_APPICON_NAME = "App Icon & Top Shelf Image";
				ASSETCATALOG_COMPILER_LAUNCHIMAGE_NAME = LaunchImage;
				CLANG_ANALYZER_NONNULL = YES;
				CLANG_WARN_DOCUMENTATION_COMMENTS = YES;
				CLANG_WARN_INFINITE_RECURSION = YES;
				CLANG_WARN_SUSPICIOUS_MOVE = YES;
				COPY_PHASE_STRIP = NO;
				DEBUG_INFORMATION_FORMAT = "dwarf-with-dsym";
				GCC_NO_COMMON_BLOCKS = YES;
				INFOPLIST_FILE = "newscloning-tvOS/Info.plist";
				LD_RUNPATH_SEARCH_PATHS = "$(inherited) @executable_path/Frameworks";
				OTHER_LDFLAGS = (
					"$(inherited)",
					"-ObjC",
					"-lc++",
				);
				PRODUCT_BUNDLE_IDENTIFIER = "com.facebook.REACT.newscloning-tvOS";
				PRODUCT_NAME = "$(TARGET_NAME)";
				SDKROOT = appletvos;
				TARGETED_DEVICE_FAMILY = 3;
				TVOS_DEPLOYMENT_TARGET = 9.2;
			};
			name = Release;
		};
		2D02E4991E0B4A5E006451C7 /* Debug */ = {
			isa = XCBuildConfiguration;
			baseConfigurationReference = FA2AC31033C79FEBB25E4E22 /* Pods-newscloning-tvOSTests.debug.xcconfig */;
			buildSettings = {
				BUNDLE_LOADER = "$(TEST_HOST)";
				CLANG_ANALYZER_NONNULL = YES;
				CLANG_WARN_DOCUMENTATION_COMMENTS = YES;
				CLANG_WARN_INFINITE_RECURSION = YES;
				CLANG_WARN_SUSPICIOUS_MOVE = YES;
				DEBUG_INFORMATION_FORMAT = dwarf;
				ENABLE_TESTABILITY = YES;
				GCC_NO_COMMON_BLOCKS = YES;
				INFOPLIST_FILE = "newscloning-tvOSTests/Info.plist";
				LD_RUNPATH_SEARCH_PATHS = "$(inherited) @executable_path/Frameworks @loader_path/Frameworks";
				OTHER_LDFLAGS = (
					"$(inherited)",
					"-ObjC",
					"-lc++",
				);
				PRODUCT_BUNDLE_IDENTIFIER = "com.facebook.REACT.newscloning-tvOSTests";
				PRODUCT_NAME = "$(TARGET_NAME)";
				SDKROOT = appletvos;
				TEST_HOST = "$(BUILT_PRODUCTS_DIR)/newscloning-tvOS.app/newscloning-tvOS";
				TVOS_DEPLOYMENT_TARGET = 10.1;
			};
			name = Debug;
		};
		2D02E49A1E0B4A5E006451C7 /* Release */ = {
			isa = XCBuildConfiguration;
			baseConfigurationReference = 43564A96AF65109D5555B44E /* Pods-newscloning-tvOSTests.release.xcconfig */;
			buildSettings = {
				BUNDLE_LOADER = "$(TEST_HOST)";
				CLANG_ANALYZER_NONNULL = YES;
				CLANG_WARN_DOCUMENTATION_COMMENTS = YES;
				CLANG_WARN_INFINITE_RECURSION = YES;
				CLANG_WARN_SUSPICIOUS_MOVE = YES;
				COPY_PHASE_STRIP = NO;
				DEBUG_INFORMATION_FORMAT = "dwarf-with-dsym";
				GCC_NO_COMMON_BLOCKS = YES;
				INFOPLIST_FILE = "newscloning-tvOSTests/Info.plist";
				LD_RUNPATH_SEARCH_PATHS = "$(inherited) @executable_path/Frameworks @loader_path/Frameworks";
				OTHER_LDFLAGS = (
					"$(inherited)",
					"-ObjC",
					"-lc++",
				);
				PRODUCT_BUNDLE_IDENTIFIER = "com.facebook.REACT.newscloning-tvOSTests";
				PRODUCT_NAME = "$(TARGET_NAME)";
				SDKROOT = appletvos;
				TEST_HOST = "$(BUILT_PRODUCTS_DIR)/newscloning-tvOS.app/newscloning-tvOS";
				TVOS_DEPLOYMENT_TARGET = 10.1;
			};
			name = Release;
		};
		83CBBA201A601CBA00E9B192 /* Debug */ = {
			isa = XCBuildConfiguration;
			buildSettings = {
				ALWAYS_SEARCH_USER_PATHS = NO;
				CLANG_CXX_LANGUAGE_STANDARD = "gnu++0x";
				CLANG_CXX_LIBRARY = "libc++";
				CLANG_ENABLE_MODULES = YES;
				CLANG_ENABLE_OBJC_ARC = YES;
				CLANG_WARN_BLOCK_CAPTURE_AUTORELEASING = YES;
				CLANG_WARN_BOOL_CONVERSION = YES;
				CLANG_WARN_COMMA = YES;
				CLANG_WARN_CONSTANT_CONVERSION = YES;
				CLANG_WARN_DEPRECATED_OBJC_IMPLEMENTATIONS = YES;
				CLANG_WARN_DIRECT_OBJC_ISA_USAGE = YES_ERROR;
				CLANG_WARN_EMPTY_BODY = YES;
				CLANG_WARN_ENUM_CONVERSION = YES;
				CLANG_WARN_INFINITE_RECURSION = YES;
				CLANG_WARN_INT_CONVERSION = YES;
				CLANG_WARN_NON_LITERAL_NULL_CONVERSION = YES;
				CLANG_WARN_OBJC_IMPLICIT_RETAIN_SELF = YES;
				CLANG_WARN_OBJC_LITERAL_CONVERSION = YES;
				CLANG_WARN_OBJC_ROOT_CLASS = YES_ERROR;
				CLANG_WARN_RANGE_LOOP_ANALYSIS = YES;
				CLANG_WARN_STRICT_PROTOTYPES = YES;
				CLANG_WARN_SUSPICIOUS_MOVE = YES;
				CLANG_WARN_UNREACHABLE_CODE = YES;
				CLANG_WARN__DUPLICATE_METHOD_MATCH = YES;
				"CODE_SIGN_IDENTITY[sdk=iphoneos*]" = "iPhone Developer";
				COPY_PHASE_STRIP = NO;
				ENABLE_STRICT_OBJC_MSGSEND = YES;
				ENABLE_TESTABILITY = YES;
				GCC_C_LANGUAGE_STANDARD = gnu99;
				GCC_DYNAMIC_NO_PIC = NO;
				GCC_NO_COMMON_BLOCKS = YES;
				GCC_OPTIMIZATION_LEVEL = 0;
				GCC_PREPROCESSOR_DEFINITIONS = (
					"DEBUG=1",
					"$(inherited)",
				);
				GCC_SYMBOLS_PRIVATE_EXTERN = NO;
				GCC_WARN_64_TO_32_BIT_CONVERSION = YES;
				GCC_WARN_ABOUT_RETURN_TYPE = YES_ERROR;
				GCC_WARN_UNDECLARED_SELECTOR = YES;
				GCC_WARN_UNINITIALIZED_AUTOS = YES_AGGRESSIVE;
				GCC_WARN_UNUSED_FUNCTION = YES;
				GCC_WARN_UNUSED_VARIABLE = YES;
				IPHONEOS_DEPLOYMENT_TARGET = 13.2;
				MTL_ENABLE_DEBUG_INFO = YES;
				ONLY_ACTIVE_ARCH = YES;
				SDKROOT = iphoneos;
			};
			name = Debug;
		};
		83CBBA211A601CBA00E9B192 /* Release */ = {
			isa = XCBuildConfiguration;
			buildSettings = {
				ALWAYS_SEARCH_USER_PATHS = NO;
				CLANG_CXX_LANGUAGE_STANDARD = "gnu++0x";
				CLANG_CXX_LIBRARY = "libc++";
				CLANG_ENABLE_MODULES = YES;
				CLANG_ENABLE_OBJC_ARC = YES;
				CLANG_WARN_BLOCK_CAPTURE_AUTORELEASING = YES;
				CLANG_WARN_BOOL_CONVERSION = YES;
				CLANG_WARN_COMMA = YES;
				CLANG_WARN_CONSTANT_CONVERSION = YES;
				CLANG_WARN_DEPRECATED_OBJC_IMPLEMENTATIONS = YES;
				CLANG_WARN_DIRECT_OBJC_ISA_USAGE = YES_ERROR;
				CLANG_WARN_EMPTY_BODY = YES;
				CLANG_WARN_ENUM_CONVERSION = YES;
				CLANG_WARN_INFINITE_RECURSION = YES;
				CLANG_WARN_INT_CONVERSION = YES;
				CLANG_WARN_NON_LITERAL_NULL_CONVERSION = YES;
				CLANG_WARN_OBJC_IMPLICIT_RETAIN_SELF = YES;
				CLANG_WARN_OBJC_LITERAL_CONVERSION = YES;
				CLANG_WARN_OBJC_ROOT_CLASS = YES_ERROR;
				CLANG_WARN_RANGE_LOOP_ANALYSIS = YES;
				CLANG_WARN_STRICT_PROTOTYPES = YES;
				CLANG_WARN_SUSPICIOUS_MOVE = YES;
				CLANG_WARN_UNREACHABLE_CODE = YES;
				CLANG_WARN__DUPLICATE_METHOD_MATCH = YES;
				"CODE_SIGN_IDENTITY[sdk=iphoneos*]" = "iPhone Developer";
				COPY_PHASE_STRIP = YES;
				ENABLE_NS_ASSERTIONS = NO;
				ENABLE_STRICT_OBJC_MSGSEND = YES;
				GCC_C_LANGUAGE_STANDARD = gnu99;
				GCC_NO_COMMON_BLOCKS = YES;
				GCC_WARN_64_TO_32_BIT_CONVERSION = YES;
				GCC_WARN_ABOUT_RETURN_TYPE = YES_ERROR;
				GCC_WARN_UNDECLARED_SELECTOR = YES;
				GCC_WARN_UNINITIALIZED_AUTOS = YES_AGGRESSIVE;
				GCC_WARN_UNUSED_FUNCTION = YES;
				GCC_WARN_UNUSED_VARIABLE = YES;
				IPHONEOS_DEPLOYMENT_TARGET = 13.2;
				MTL_ENABLE_DEBUG_INFO = NO;
				SDKROOT = iphoneos;
				VALIDATE_PRODUCT = YES;
			};
			name = Release;
		};
/* End XCBuildConfiguration section */

/* Begin XCConfigurationList section */
		00E357021AD99517003FC87E /* Build configuration list for PBXNativeTarget "newscloningTests" */ = {
			isa = XCConfigurationList;
			buildConfigurations = (
				00E356F61AD99517003FC87E /* Debug */,
				00E356F71AD99517003FC87E /* Release */,
			);
			defaultConfigurationIsVisible = 0;
			defaultConfigurationName = Release;
		};
		13B07F931A680F5B00A75B9A /* Build configuration list for PBXNativeTarget "newscloning" */ = {
			isa = XCConfigurationList;
			buildConfigurations = (
				13B07F941A680F5B00A75B9A /* Debug */,
				13B07F951A680F5B00A75B9A /* Release */,
			);
			defaultConfigurationIsVisible = 0;
			defaultConfigurationName = Release;
		};
		2D02E4BA1E0B4A5E006451C7 /* Build configuration list for PBXNativeTarget "newscloning-tvOS" */ = {
			isa = XCConfigurationList;
			buildConfigurations = (
				2D02E4971E0B4A5E006451C7 /* Debug */,
				2D02E4981E0B4A5E006451C7 /* Release */,
			);
			defaultConfigurationIsVisible = 0;
			defaultConfigurationName = Release;
		};
		2D02E4BB1E0B4A5E006451C7 /* Build configuration list for PBXNativeTarget "newscloning-tvOSTests" */ = {
			isa = XCConfigurationList;
			buildConfigurations = (
				2D02E4991E0B4A5E006451C7 /* Debug */,
				2D02E49A1E0B4A5E006451C7 /* Release */,
			);
			defaultConfigurationIsVisible = 0;
			defaultConfigurationName = Release;
		};
		83CBB9FA1A601CBA00E9B192 /* Build configuration list for PBXProject "newscloning" */ = {
			isa = XCConfigurationList;
			buildConfigurations = (
				83CBBA201A601CBA00E9B192 /* Debug */,
				83CBBA211A601CBA00E9B192 /* Release */,
			);
			defaultConfigurationIsVisible = 0;
			defaultConfigurationName = Release;
		};
/* End XCConfigurationList section */
	};
	rootObject = 83CBB9F71A601CBA00E9B192 /* Project object */;
}
